
Microsoft Visual Studio Solution File, Format Version 12.00
# Visual Studio 15
VisualStudioVersion = 15.0.27004.2008
MinimumVisualStudioVersion = 10.0.40219.1
Project("{FAE04EC0-301F-11D3-BF4B-00C04F79EFBC}") = "SmartTest", "SmartTest\SmartTest.csproj", "{BA428901-DC74-4AC4-9996-55D06890A29D}"
EndProject
Project("{FAE04EC0-301F-11D3-BF4B-00C04F79EFBC}") = "SmartTest.Tests", "SmartTest.Tests\SmartTest.Tests.csproj", "{04C265BA-D7CA-49F6-AAFB-BFDBF0B56EBB}"
EndProject
Project("{FAE04EC0-301F-11D3-BF4B-00C04F79EFBC}") = "SmartCom.BL", "ClassLibrary1\SmartCom.BL.csproj", "{129936A8-226F-4C3B-BBD6-F7C5DA23D62E}"
EndProject
Project("{FAE04EC0-301F-11D3-BF4B-00C04F79EFBC}") = "SmartCom.DAL", "ClassLibrary2\SmartCom.DAL.csproj", "{C8AF6A93-0AE9-4FDA-8EEA-5EA040A0A544}"
EndProject
Global
	GlobalSection(SolutionConfigurationPlatforms) = preSolution
		Debug|Any CPU = Debug|Any CPU
		Release|Any CPU = Release|Any CPU
	EndGlobalSection
	GlobalSection(ProjectConfigurationPlatforms) = postSolution
		{BA428901-DC74-4AC4-9996-55D06890A29D}.Debug|Any CPU.ActiveCfg = Debug|Any CPU
		{BA428901-DC74-4AC4-9996-55D06890A29D}.Debug|Any CPU.Build.0 = Debug|Any CPU
		{BA428901-DC74-4AC4-9996-55D06890A29D}.Release|Any CPU.ActiveCfg = Release|Any CPU
		{BA428901-DC74-4AC4-9996-55D06890A29D}.Release|Any CPU.Build.0 = Release|Any CPU
		{04C265BA-D7CA-49F6-AAFB-BFDBF0B56EBB}.Debug|Any CPU.ActiveCfg = Debug|Any CPU
		{04C265BA-D7CA-49F6-AAFB-BFDBF0B56EBB}.Debug|Any CPU.Build.0 = Debug|Any CPU
		{04C265BA-D7CA-49F6-AAFB-BFDBF0B56EBB}.Release|Any CPU.ActiveCfg = Release|Any CPU
		{04C265BA-D7CA-49F6-AAFB-BFDBF0B56EBB}.Release|Any CPU.Build.0 = Release|Any CPU
		{129936A8-226F-4C3B-BBD6-F7C5DA23D62E}.Debug|Any CPU.ActiveCfg = Debug|Any CPU
		{129936A8-226F-4C3B-BBD6-F7C5DA23D62E}.Debug|Any CPU.Build.0 = Debug|Any CPU
		{129936A8-226F-4C3B-BBD6-F7C5DA23D62E}.Release|Any CPU.ActiveCfg = Release|Any CPU
		{129936A8-226F-4C3B-BBD6-F7C5DA23D62E}.Release|Any CPU.Build.0 = Release|Any CPU
		{C8AF6A93-0AE9-4FDA-8EEA-5EA040A0A544}.Debug|Any CPU.ActiveCfg = Debug|Any CPU
		{C8AF6A93-0AE9-4FDA-8EEA-5EA040A0A544}.Debug|Any CPU.Build.0 = Debug|Any CPU
		{C8AF6A93-0AE9-4FDA-8EEA-5EA040A0A544}.Release|Any CPU.ActiveCfg = Release|Any CPU
		{C8AF6A93-0AE9-4FDA-8EEA-5EA040A0A544}.Release|Any CPU.Build.0 = Release|Any CPU
	EndGlobalSection
	GlobalSection(SolutionProperties) = preSolution
		HideSolutionNode = FALSE
	EndGlobalSection
	GlobalSection(ExtensibilityGlobals) = postSolution
		SolutionGuid = {9E4123ED-D265-4F4F-9063-153E35685FFB}
	EndGlobalSection
EndGlobal
